
Microsoft Visual Studio Solution File, Format Version 12.00
# Visual Studio Version 17
VisualStudioVersion = 17.5.33530.505
MinimumVisualStudioVersion = 10.0.40219.1
Project("{FAE04EC0-301F-11D3-BF4B-00C04F79EFBC}") = "Api.FurnitureStore.Api", "Api.FurnitureStore.Api\Api.FurnitureStore.Api.csproj", "{9E62DF31-A955-446B-ABB5-8EBE27C66448}"
EndProject
Project("{FAE04EC0-301F-11D3-BF4B-00C04F79EFBC}") = "API.FurnitureStore.Shared", "API.FurnitureStore.Shared\API.FurnitureStore.Shared.csproj", "{320319C5-D403-46CD-9943-59A7F9DCF461}"
EndProject
Project("{FAE04EC0-301F-11D3-BF4B-00C04F79EFBC}") = "Api.FurnitureStore.Data", "Api.FurnitureStore.Data\Api.FurnitureStore.Data.csproj", "{7DBAF8E3-F276-431D-BF91-38DC2AF85EE0}"
EndProject
Global
	GlobalSection(SolutionConfigurationPlatforms) = preSolution
		Debug|Any CPU = Debug|Any CPU
		Release|Any CPU = Release|Any CPU
	EndGlobalSection
	GlobalSection(ProjectConfigurationPlatforms) = postSolution
		{9E62DF31-A955-446B-ABB5-8EBE27C66448}.Debug|Any CPU.ActiveCfg = Debug|Any CPU
		{9E62DF31-A955-446B-ABB5-8EBE27C66448}.Debug|Any CPU.Build.0 = Debug|Any CPU
		{9E62DF31-A955-446B-ABB5-8EBE27C66448}.Release|Any CPU.ActiveCfg = Release|Any CPU
		{9E62DF31-A955-446B-ABB5-8EBE27C66448}.Release|Any CPU.Build.0 = Release|Any CPU
		{320319C5-D403-46CD-9943-59A7F9DCF461}.Debug|Any CPU.ActiveCfg = Debug|Any CPU
		{320319C5-D403-46CD-9943-59A7F9DCF461}.Debug|Any CPU.Build.0 = Debug|Any CPU
		{320319C5-D403-46CD-9943-59A7F9DCF461}.Release|Any CPU.ActiveCfg = Release|Any CPU
		{320319C5-D403-46CD-9943-59A7F9DCF461}.Release|Any CPU.Build.0 = Release|Any CPU
		{7DBAF8E3-F276-431D-BF91-38DC2AF85EE0}.Debug|Any CPU.ActiveCfg = Debug|Any CPU
		{7DBAF8E3-F276-431D-BF91-38DC2AF85EE0}.Debug|Any CPU.Build.0 = Debug|Any CPU
		{7DBAF8E3-F276-431D-BF91-38DC2AF85EE0}.Release|Any CPU.ActiveCfg = Release|Any CPU
		{7DBAF8E3-F276-431D-BF91-38DC2AF85EE0}.Release|Any CPU.Build.0 = Release|Any CPU
	EndGlobalSection
	GlobalSection(SolutionProperties) = preSolution
		HideSolutionNode = FALSE
	EndGlobalSection
	GlobalSection(ExtensibilityGlobals) = postSolution
		SolutionGuid = {0A726B15-8633-4C29-9112-5137FE88EC10}
	EndGlobalSection
EndGlobal
